
Microsoft Visual Studio Solution File, Format Version 12.00
# Visual Studio 15
VisualStudioVersion = 15.0.33529.398
MinimumVisualStudioVersion = 10.0.40219.1
Project("{8BC9CEB8-8B4A-11D0-8D11-00A0C91BC942}") = "Algorithm_sort_heapSort", "Algorithm_sort_heapSort\Algorithm_sort_heapSort.vcxproj", "{5FD0D3C1-2332-4936-BE4F-385129B15190}"
EndProject
Global
	GlobalSection(SolutionConfigurationPlatforms) = preSolution
		Debug|x64 = Debug|x64
		Debug|x86 = Debug|x86
		Release|x64 = Release|x64
		Release|x86 = Release|x86
	EndGlobalSection
	GlobalSection(ProjectConfigurationPlatforms) = postSolution
		{5FD0D3C1-2332-4936-BE4F-385129B15190}.Debug|x64.ActiveCfg = Debug|x64
		{5FD0D3C1-2332-4936-BE4F-385129B15190}.Debug|x64.Build.0 = Debug|x64
		{5FD0D3C1-2332-4936-BE4F-385129B15190}.Debug|x86.ActiveCfg = Debug|Win32
		{5FD0D3C1-2332-4936-BE4F-385129B15190}.Debug|x86.Build.0 = Debug|Win32
		{5FD0D3C1-2332-4936-BE4F-385129B15190}.Release|x64.ActiveCfg = Release|x64
		{5FD0D3C1-2332-4936-BE4F-385129B15190}.Release|x64.Build.0 = Release|x64
		{5FD0D3C1-2332-4936-BE4F-385129B15190}.Release|x86.ActiveCfg = Release|Win32
		{5FD0D3C1-2332-4936-BE4F-385129B15190}.Release|x86.Build.0 = Release|Win32
	EndGlobalSection
	GlobalSection(SolutionProperties) = preSolution
		HideSolutionNode = FALSE
	EndGlobalSection
	GlobalSection(ExtensibilityGlobals) = postSolution
		SolutionGuid = {316AA6D4-D766-46D8-A93D-62A098F19705}
	EndGlobalSection
EndGlobal
